Microsoft Visual Studio Solution File, Format Version 12.00
# Visual Studio Version 17
VisualStudioVersion = 17.5.2.0
MinimumVisualStudioVersion = 10.0.40219.1
Project("{FAE04EC0-301F-11D3-BF4B-00C04F79EFBC}") = "VeiculosSwooshAPI", "VeiculosSwooshAPI\VeiculosSwooshAPI.csproj", "{28687684-24E2-C56E-B267-393F483C2535}"
EndProject
Global
	GlobalSection(SolutionConfigurationPlatforms) = preSolution
		Debug|Any CPU = Debug|Any CPU
		Release|Any CPU = Release|Any CPU
	EndGlobalSection
	GlobalSection(ProjectConfigurationPlatforms) = postSolution
		{28687684-24E2-C56E-B267-393F483C2535}.Debug|Any CPU.ActiveCfg = Debug|Any CPU
		{28687684-24E2-C56E-B267-393F483C2535}.Debug|Any CPU.Build.0 = Debug|Any CPU
		{28687684-24E2-C56E-B267-393F483C2535}.Release|Any CPU.ActiveCfg = Release|Any CPU
		{28687684-24E2-C56E-B267-393F483C2535}.Release|Any CPU.Build.0 = Release|Any CPU
	EndGlobalSection
	GlobalSection(SolutionProperties) = preSolution
		HideSolutionNode = FALSE
	EndGlobalSection
	GlobalSection(ExtensibilityGlobals) = postSolution
		SolutionGuid = {1949A912-4E4E-4A4C-A6D4-15CD47EC88D0}
	EndGlobalSection
EndGlobal
